{
  "name": "apirest",
  "lockfileVersion": 3,
  "requires": true,
  "packages": {
    "": {
      "dependencies": {
        "postman-cli": "^1.33.0"
      }
    },
    "node_modules/@postman/pm-bin-linux-arm64": {
      "version": "1.33.0",
      "resolved": "https://registry.npmjs.org/@postman/pm-bin-linux-arm64/-/pm-bin-linux-arm64-1.33.0.tgz",
      "integrity": "sha512-03ncevI7ZaSa9PXR/xDw5g5/7JcZgSFTgyRphoiW0pUZe2tNDzra0S6hPodNvdkJurGARYtdx61eqHAilGgD+A==",
      "cpu": [
        "arm64"
      ],
      "optional": true,
      "os": [
        "linux"
      ]
    },
    "node_modules/@postman/pm-bin-linux-x64": {
      "version": "1.33.0",
      "resolved": "https://registry.npmjs.org/@postman/pm-bin-linux-x64/-/pm-bin-linux-x64-1.33.0.tgz",
      "integrity": "sha512-mOj+TZCAdcZuT2YIoeuO1Bda6V773N/0ssyzLC9cTFdGmZ9ToXMx6il7BnjHvGIJb6EUKXSu1mTTPD8z8cVNVw==",
      "cpu": [
        "x64"
      ],
      "optional": true,
      "os": [
        "linux"
      ]
    },
    "node_modules/@postman/pm-bin-macos-arm64": {
      "version": "1.33.0",
      "resolved": "https://registry.npmjs.org/@postman/pm-bin-macos-arm64/-/pm-bin-macos-arm64-1.33.0.tgz",
      "integrity": "sha512-KYX36coZ9mJzk4MLE5o7U++jQrem4DFVBNxdWCVrGryVM8HLRhUGy/2pdalIqS5CcHkbFI64j0k427zk73IPmA==",
      "cpu": [
        "arm64"
      ],
      "optional": true,
      "os": [
        "darwin"
      ]
    },
    "node_modules/@postman/pm-bin-macos-x64": {
      "version": "1.33.0",
      "resolved": "https://registry.npmjs.org/@postman/pm-bin-macos-x64/-/pm-bin-macos-x64-1.33.0.tgz",
      "integrity": "sha512-DdbLE9S+P48C44AMjLIeqXm20CkXr2pLdrhKW0uzCwB+Y9rI2p4FlS0RCEJYE24k7nxbvEzlQKKkAX5ifMiKPw==",
      "cpu": [
        "x64"
      ],
      "optional": true,
      "os": [
        "darwin"
      ]
    },
    "node_modules/@postman/pm-bin-windows-x64": {
      "version": "1.33.0",
      "resolved": "https://registry.npmjs.org/@postman/pm-bin-windows-x64/-/pm-bin-windows-x64-1.33.0.tgz",
      "integrity": "sha512-96rDki9hCwObTx+GHtYihuT6CkDDkNs5tYt+D2o/9gqYEOIlgvyBpd6DSJLSvN2IaC0Rb94dbaQJ4FjGLJaqSg==",
      "cpu": [
        "x64"
      ],
      "optional": true,
      "os": [
        "win32"
      ]
    },
    "node_modules/postman-cli": {
      "version": "1.33.0",
      "resolved": "https://registry.npmjs.org/postman-cli/-/postman-cli-1.33.0.tgz",
      "integrity": "sha512-azJmcEFiuH7t/H+n7HPw6xfsUNEnzKyrXyqIdyZHJdZqrKZasXUqP7sy7jt8kitZX6SbnOWwpMl9s3IgTWCD5w==",
      "bin": {
        "postman": "bin/postman.js"
      },
      "optionalDependencies": {
        "@postman/pm-bin-linux-arm64": "1.33.0",
        "@postman/pm-bin-linux-x64": "1.33.0",
        "@postman/pm-bin-macos-arm64": "1.33.0",
        "@postman/pm-bin-macos-x64": "1.33.0",
        "@postman/pm-bin-windows-x64": "1.33.0"
      }
    }
  }
}
